
Microsoft Visual Studio Solution File, Format Version 12.00
# Visual Studio Version 16
VisualStudioVersion = 16.0.29613.14
MinimumVisualStudioVersion = 10.0.40219.1
Project("{FAE04EC0-301F-11D3-BF4B-00C04F79EFBC}") = "EX1", "EX1.csproj", "{E971167D-76E5-41F4-B329-ACC8A11B8BAB}"
EndProject
Global
	GlobalSection(SolutionConfigurationPlatforms) = preSolution
		Debug|Any CPU = Debug|Any CPU
		Release|Any CPU = Release|Any CPU
	EndGlobalSection
	GlobalSection(ProjectConfigurationPlatforms) = postSolution
		{E971167D-76E5-41F4-B329-ACC8A11B8BAB}.Debug|Any CPU.ActiveCfg = Debug|Any CPU
		{E971167D-76E5-41F4-B329-ACC8A11B8BAB}.Debug|Any CPU.Build.0 = Debug|Any CPU
		{E971167D-76E5-41F4-B329-ACC8A11B8BAB}.Release|Any CPU.ActiveCfg = Release|Any CPU
		{E971167D-76E5-41F4-B329-ACC8A11B8BAB}.Release|Any CPU.Build.0 = Release|Any CPU
	EndGlobalSection
	GlobalSection(SolutionProperties) = preSolution
		HideSolutionNode = FALSE
	EndGlobalSection
	GlobalSection(ExtensibilityGlobals) = postSolution
		SolutionGuid = {4058C337-FF2F-4253-983C-05E6AB9AAF88}
	EndGlobalSection
EndGlobal
