
Microsoft Visual Studio Solution File, Format Version 12.00
# Visual Studio Version 16
VisualStudioVersion = 16.0.29613.14
MinimumVisualStudioVersion = 10.0.40219.1
Project("{FAE04EC0-301F-11D3-BF4B-00C04F79EFBC}") = "EX1", "EX1.csproj", "{31302A36-3A3E-42DB-9AF2-3F61C6E6011C}"
EndProject
Global
	GlobalSection(SolutionConfigurationPlatforms) = preSolution
		Debug|Any CPU = Debug|Any CPU
		Release|Any CPU = Release|Any CPU
	EndGlobalSection
	GlobalSection(ProjectConfigurationPlatforms) = postSolution
		{31302A36-3A3E-42DB-9AF2-3F61C6E6011C}.Debug|Any CPU.ActiveCfg = Debug|Any CPU
		{31302A36-3A3E-42DB-9AF2-3F61C6E6011C}.Debug|Any CPU.Build.0 = Debug|Any CPU
		{31302A36-3A3E-42DB-9AF2-3F61C6E6011C}.Release|Any CPU.ActiveCfg = Release|Any CPU
		{31302A36-3A3E-42DB-9AF2-3F61C6E6011C}.Release|Any CPU.Build.0 = Release|Any CPU
	EndGlobalSection
	GlobalSection(SolutionProperties) = preSolution
		HideSolutionNode = FALSE
	EndGlobalSection
	GlobalSection(ExtensibilityGlobals) = postSolution
		SolutionGuid = {89B3BC0F-DEFB-4FD6-A4AF-2995664C9433}
	EndGlobalSection
EndGlobal
